
Microsoft Visual Studio Solution File, Format Version 12.00
# Visual Studio Version 17
VisualStudioVersion = 17.7.34031.279
MinimumVisualStudioVersion = 10.0.40219.1
Project("{2150E333-8FDC-42A3-9474-1A3956D46DE8}") = "src", "src", "{6F74D507-96D2-459F-B9EE-918B9DF73F98}"
EndProject
Project("{9A19103F-16F7-4668-BE54-9A1E7A4F7556}") = "HRIS.Basic", "HRIS.Basic\HRIS.Basic.csproj", "{AE6713B5-7D3C-4DD7-9537-833AF18BE454}"
EndProject
Project("{9A19103F-16F7-4668-BE54-9A1E7A4F7556}") = "HRIS.Login", "HRIS.Login\HRIS.Login.csproj", "{747353AC-AEE4-4E34-AC7E-0B576F062396}"
EndProject
Global
	GlobalSection(SolutionConfigurationPlatforms) = preSolution
		Debug|Any CPU = Debug|Any CPU
		Release|Any CPU = Release|Any CPU
	EndGlobalSection
	GlobalSection(ProjectConfigurationPlatforms) = postSolution
		{AE6713B5-7D3C-4DD7-9537-833AF18BE454}.Debug|Any CPU.ActiveCfg = Debug|Any CPU
		{AE6713B5-7D3C-4DD7-9537-833AF18BE454}.Debug|Any CPU.Build.0 = Debug|Any CPU
		{AE6713B5-7D3C-4DD7-9537-833AF18BE454}.Release|Any CPU.ActiveCfg = Release|Any CPU
		{AE6713B5-7D3C-4DD7-9537-833AF18BE454}.Release|Any CPU.Build.0 = Release|Any CPU
		{747353AC-AEE4-4E34-AC7E-0B576F062396}.Debug|Any CPU.ActiveCfg = Debug|Any CPU
		{747353AC-AEE4-4E34-AC7E-0B576F062396}.Debug|Any CPU.Build.0 = Debug|Any CPU
		{747353AC-AEE4-4E34-AC7E-0B576F062396}.Release|Any CPU.ActiveCfg = Release|Any CPU
		{747353AC-AEE4-4E34-AC7E-0B576F062396}.Release|Any CPU.Build.0 = Release|Any CPU
	EndGlobalSection
	GlobalSection(SolutionProperties) = preSolution
		HideSolutionNode = FALSE
	EndGlobalSection
	GlobalSection(NestedProjects) = preSolution
		{AE6713B5-7D3C-4DD7-9537-833AF18BE454} = {6F74D507-96D2-459F-B9EE-918B9DF73F98}
		{747353AC-AEE4-4E34-AC7E-0B576F062396} = {6F74D507-96D2-459F-B9EE-918B9DF73F98}
	EndGlobalSection
	GlobalSection(ExtensibilityGlobals) = postSolution
		SolutionGuid = {F3E25552-68E9-48CB-9887-087CFD6D9314}
	EndGlobalSection
EndGlobal
